
Microsoft Visual Studio Solution File, Format Version 12.00
# Visual Studio 14
VisualStudioVersion = 14.0.23107.0
MinimumVisualStudioVersion = 10.0.40219.1
Project("{FAE04EC0-301F-11D3-BF4B-00C04F79EFBC}") = "Gocip", "Gocip\Gocip.csproj", "{504497A0-ACA0-461F-8F6B-CFD0172D37BE}"
EndProject
Global
	GlobalSection(SolutionConfigurationPlatforms) = preSolution
		Debug|Any CPU = Debug|Any CPU
		Release|Any CPU = Release|Any CPU
	EndGlobalSection
	GlobalSection(ProjectConfigurationPlatforms) = postSolution
		{504497A0-ACA0-461F-8F6B-CFD0172D37BE}.Debug|Any CPU.ActiveCfg = Debug|Any CPU
		{504497A0-ACA0-461F-8F6B-CFD0172D37BE}.Debug|Any CPU.Build.0 = Debug|Any CPU
		{504497A0-ACA0-461F-8F6B-CFD0172D37BE}.Release|Any CPU.ActiveCfg = Release|Any CPU
		{504497A0-ACA0-461F-8F6B-CFD0172D37BE}.Release|Any CPU.Build.0 = Release|Any CPU
	EndGlobalSection
	GlobalSection(SolutionProperties) = preSolution
		HideSolutionNode = FALSE
	EndGlobalSection
EndGlobal
